
Microsoft Visual Studio Solution File, Format Version 12.00
# Visual Studio Version 17
VisualStudioVersion = 17.0.31903.59
MinimumVisualStudioVersion = 10.0.40219.1
Project("{9A19103F-16F7-4668-BE54-9A1E7A4F7556}") = "LoadBalancer.Microservice", "LoadBalancer.Microservice\LoadBalancer.Microservice.csproj", "{CDF6A561-7C08-481C-993E-807C7EA2B31F}"
EndProject
Project("{9A19103F-16F7-4668-BE54-9A1E7A4F7556}") = "LoadBalancer.Gateway", "LoadBalancer.Gateway\LoadBalancer.Gateway.csproj", "{C492CD4E-7D81-4889-959F-A73F6EA8CE41}"
EndProject
Project("{E53339B2-1760-4266-BCC7-CA923CBCF16C}") = "docker-compose", "docker-compose.dcproj", "{B546A559-C980-47DA-923D-B048529BF068}"
EndProject
Project("{2150E333-8FDC-42A3-9474-1A3956D46DE8}") = "Solution Items", "Solution Items", "{9732DF53-FCAE-4A19-984F-18D907322909}"
	ProjectSection(SolutionItems) = preProject
		Directory.Build.props = Directory.Build.props
	EndProjectSection
EndProject
Global
	GlobalSection(SolutionConfigurationPlatforms) = preSolution
		Debug|Any CPU = Debug|Any CPU
		Release|Any CPU = Release|Any CPU
	EndGlobalSection
	GlobalSection(ProjectConfigurationPlatforms) = postSolution
		{CDF6A561-7C08-481C-993E-807C7EA2B31F}.Debug|Any CPU.ActiveCfg = Debug|Any CPU
		{CDF6A561-7C08-481C-993E-807C7EA2B31F}.Debug|Any CPU.Build.0 = Debug|Any CPU
		{CDF6A561-7C08-481C-993E-807C7EA2B31F}.Release|Any CPU.ActiveCfg = Release|Any CPU
		{CDF6A561-7C08-481C-993E-807C7EA2B31F}.Release|Any CPU.Build.0 = Release|Any CPU
		{C492CD4E-7D81-4889-959F-A73F6EA8CE41}.Debug|Any CPU.ActiveCfg = Debug|Any CPU
		{C492CD4E-7D81-4889-959F-A73F6EA8CE41}.Debug|Any CPU.Build.0 = Debug|Any CPU
		{C492CD4E-7D81-4889-959F-A73F6EA8CE41}.Release|Any CPU.ActiveCfg = Release|Any CPU
		{C492CD4E-7D81-4889-959F-A73F6EA8CE41}.Release|Any CPU.Build.0 = Release|Any CPU
		{B546A559-C980-47DA-923D-B048529BF068}.Debug|Any CPU.ActiveCfg = Debug|Any CPU
		{B546A559-C980-47DA-923D-B048529BF068}.Debug|Any CPU.Build.0 = Debug|Any CPU
		{B546A559-C980-47DA-923D-B048529BF068}.Release|Any CPU.ActiveCfg = Release|Any CPU
		{B546A559-C980-47DA-923D-B048529BF068}.Release|Any CPU.Build.0 = Release|Any CPU
	EndGlobalSection
	GlobalSection(SolutionProperties) = preSolution
		HideSolutionNode = FALSE
	EndGlobalSection
	GlobalSection(ExtensibilityGlobals) = postSolution
		SolutionGuid = {CA950075-647A-4B9F-9527-92E71274AD8C}
	EndGlobalSection
EndGlobal
